Microsoft Visual Studio Solution File, Format Version 12.00
# Visual Studio Version 17
VisualStudioVersion = 17.0.31912.275
MinimumVisualStudioVersion = 10.0.40219.1
Project("{FAE04EC0-301F-11D3-BF4B-00C04F79EFBC}") = "AiClientManager.Web", "src\AiClientManager.Web\AiClientManager.Web.csproj", "{A97D0C8D-F597-4643-AC9A-D0F232089434}"
EndProject
Global
	GlobalSection(SolutionConfigurationPlatforms) = preSolution
		Debug|Any CPU = Debug|Any CPU
		Release|Any CPU = Release|Any CPU
	EndGlobalSection
	GlobalSection(ProjectConfigurationPlatforms) = postSolution
		{A97D0C8D-F597-4643-AC9A-D0F232089434}.Debug|Any CPU.ActiveCfg = Debug|Any CPU
		{A97D0C8D-F597-4643-AC9A-D0F232089434}.Debug|Any CPU.Build.0 = Debug|Any CPU
		{A97D0C8D-F597-4643-AC9A-D0F232089434}.Release|Any CPU.ActiveCfg = Release|Any CPU
		{A97D0C8D-F597-4643-AC9A-D0F232089434}.Release|Any CPU.Build.0 = Release|Any CPU
	EndGlobalSection
EndGlobal
